// !$*UTF8*$!
{
	archiveVersion = 1;
	classes = {
	};
	objectVersion = 48;
	objects = {

/* Begin PBXBuildFile section */
		601A9E042088F4F2002045DA /* PhantomKit.framework in Frameworks */ = {isa = PBXBuildFile; fileRef = 601A9DFB2088F4F2002045DA /* PhantomKit.framework */; };
		601A9E0B2088F4F2002045DA /* PhantomKitTests.swift in Sources */ = {isa = PBXBuildFile; fileRef = 601A9E0A2088F4F2002045DA /* PhantomKitTests.swift */; };
		601A9E102088F4F2002045DA /* PhantomKit.framework in Frameworks */ = {isa = PBXBuildFile; fileRef = 601A9DFB2088F4F2002045DA /* PhantomKit.framework */; };
		601A9E112088F4F2002045DA /* PhantomKit.framework in Embed Frameworks */ = {isa = PBXBuildFile; fileRef = 601A9DFB2088F4F2002045DA /* PhantomKit.framework */; settings = {ATTRIBUTES = (CodeSignOnCopy, RemoveHeadersOnCopy, ); }; };
		601A9E192088F54A002045DA /* View.swift in Sources */ = {isa = PBXBuildFile; fileRef = 607206E420538ABE0068F691 /* View.swift */; };
		601A9E1A2088F54A002045DA /* Application.swift in Sources */ = {isa = PBXBuildFile; fileRef = 6053011720665F4000AAAF1F /* Application.swift */; };
		601A9E1B2088F54A002045DA /* GameObject.swift in Sources */ = {isa = PBXBuildFile; fileRef = 6030BC83206FC00300918010 /* GameObject.swift */; };
		601A9E1C2088F54A002045DA /* Display.swift in Sources */ = {isa = PBXBuildFile; fileRef = 606B711220787E02004EFF95 /* Display.swift */; };
		601A9E1D2088F54A002045DA /* Mesh.swift in Sources */ = {isa = PBXBuildFile; fileRef = 606B711E2078B92C004EFF95 /* Mesh.swift */; };
		601A9E1E2088F54A002045DA /* Texture.swift in Sources */ = {isa = PBXBuildFile; fileRef = 601E2DDC206F72CB00428A4D /* Texture.swift */; };
		601A9E1F2088F54A002045DA /* Resources.swift in Sources */ = {isa = PBXBuildFile; fileRef = 604F12AF206F6355003CE7D1 /* Resources.swift */; };
		601A9E202088F54A002045DA /* Error.swift in Sources */ = {isa = PBXBuildFile; fileRef = 606B712220791905004EFF95 /* Error.swift */; };
		601A9E212088F54A002045DA /* Transform.swift in Sources */ = {isa = PBXBuildFile; fileRef = 606B71262079E27A004EFF95 /* Transform.swift */; };
		601A9E222088F54A002045DA /* CommandBuffer.swift in Sources */ = {isa = PBXBuildFile; fileRef = 6054B2082081C68D0052E413 /* CommandBuffer.swift */; };
		601A9E232088F54A002045DA /* Component.swift in Sources */ = {isa = PBXBuildFile; fileRef = 6054B20C2081C9270052E413 /* Component.swift */; };
		601A9E242088F54A002045DA /* MeshRenderer.swift in Sources */ = {isa = PBXBuildFile; fileRef = 6054B2102081DB140052E413 /* MeshRenderer.swift */; };
		601A9E252088F54A002045DA /* Camera.swift in Sources */ = {isa = PBXBuildFile; fileRef = 6054B218208203750052E413 /* Camera.swift */; };
		601A9E262088F54A002045DA /* GameObjectTag.swift in Sources */ = {isa = PBXBuildFile; fileRef = 609064FC2083A58C0047D411 /* GameObjectTag.swift */; };
		601A9E272088F54A002045DA /* GpuBuffer.swift in Sources */ = {isa = PBXBuildFile; fileRef = 6026CB8E2084E0DD00537B04 /* GpuBuffer.swift */; };
		601A9E282088F54E002045DA /* View.swift in Sources */ = {isa = PBXBuildFile; fileRef = 607206E420538ABE0068F691 /* View.swift */; };
		601A9E292088F54E002045DA /* Application.swift in Sources */ = {isa = PBXBuildFile; fileRef = 6053011720665F4000AAAF1F /* Application.swift */; };
		601A9E2A2088F54E002045DA /* GameObject.swift in Sources */ = {isa = PBXBuildFile; fileRef = 6030BC83206FC00300918010 /* GameObject.swift */; };
		601A9E2B2088F54E002045DA /* Display.swift in Sources */ = {isa = PBXBuildFile; fileRef = 606B711220787E02004EFF95 /* Display.swift */; };
		601A9E2C2088F54E002045DA /* Mesh.swift in Sources */ = {isa = PBXBuildFile; fileRef = 606B711E2078B92C004EFF95 /* Mesh.swift */; };
		601A9E2D2088F54E002045DA /* Texture.swift in Sources */ = {isa = PBXBuildFile; fileRef = 601E2DDC206F72CB00428A4D /* Texture.swift */; };
		601A9E2E2088F54E002045DA /* Resources.swift in Sources */ = {isa = PBXBuildFile; fileRef = 604F12AF206F6355003CE7D1 /* Resources.swift */; };
		601A9E2F2088F54E002045DA /* Error.swift in Sources */ = {isa = PBXBuildFile; fileRef = 606B712220791905004EFF95 /* Error.swift */; };
		601A9E302088F54E002045DA /* Transform.swift in Sources */ = {isa = PBXBuildFile; fileRef = 606B71262079E27A004EFF95 /* Transform.swift */; };
		601A9E312088F54E002045DA /* CommandBuffer.swift in Sources */ = {isa = PBXBuildFile; fileRef = 6054B2082081C68D0052E413 /* CommandBuffer.swift */; };
		601A9E322088F54E002045DA /* Component.swift in Sources */ = {isa = PBXBuildFile; fileRef = 6054B20C2081C9270052E413 /* Component.swift */; };
		601A9E332088F54E002045DA /* MeshRenderer.swift in Sources */ = {isa = PBXBuildFile; fileRef = 6054B2102081DB140052E413 /* MeshRenderer.swift */; };
		601A9E342088F54E002045DA /* Camera.swift in Sources */ = {isa = PBXBuildFile; fileRef = 6054B218208203750052E413 /* Camera.swift */; };
		601A9E352088F54E002045DA /* GameObjectTag.swift in Sources */ = {isa = PBXBuildFile; fileRef = 609064FC2083A58C0047D411 /* GameObjectTag.swift */; };
		601A9E362088F54E002045DA /* GpuBuffer.swift in Sources */ = {isa = PBXBuildFile; fileRef = 6026CB8E2084E0DD00537B04 /* GpuBuffer.swift */; };
		601A9E372088F557002045DA /* Math.swift in Sources */ = {isa = PBXBuildFile; fileRef = 605F2C2A206641F200C534C8 /* Math.swift */; };
		601A9E382088F557002045DA /* MatrixTransform.swift in Sources */ = {isa = PBXBuildFile; fileRef = 603F760D206953CE00E9922F /* MatrixTransform.swift */; };
		601A9E392088F557002045DA /* Trigonometry.swift in Sources */ = {isa = PBXBuildFile; fileRef = 603F76112069577D00E9922F /* Trigonometry.swift */; };
		601A9E3A2088F557002045DA /* Constants.swift in Sources */ = {isa = PBXBuildFile; fileRef = 603F7615206958B300E9922F /* Constants.swift */; };
		601A9E3B2088F558002045DA /* Math.swift in Sources */ = {isa = PBXBuildFile; fileRef = 605F2C2A206641F200C534C8 /* Math.swift */; };
		601A9E3C2088F558002045DA /* MatrixTransform.swift in Sources */ = {isa = PBXBuildFile; fileRef = 603F760D206953CE00E9922F /* MatrixTransform.swift */; };
		601A9E3D2088F558002045DA /* Trigonometry.swift in Sources */ = {isa = PBXBuildFile; fileRef = 603F76112069577D00E9922F /* Trigonometry.swift */; };
		601A9E3E2088F558002045DA /* Constants.swift in Sources */ = {isa = PBXBuildFile; fileRef = 603F7615206958B300E9922F /* Constants.swift */; };
		601A9E472088F8EE002045DA /* Shaders.metal in Sources */ = {isa = PBXBuildFile; fileRef = 607206E320538ABE0068F691 /* Shaders.metal */; };
		6051E346208B1DCC00C4E8AA /* Space.swift in Sources */ = {isa = PBXBuildFile; fileRef = 6051E344208B1D1300C4E8AA /* Space.swift */; };
		6051E347208B1DCC00C4E8AA /* Space.swift in Sources */ = {isa = PBXBuildFile; fileRef = 6051E344208B1D1300C4E8AA /* Space.swift */; };
		6051E34A208B3F1700C4E8AA /* Quaternion.swift in Sources */ = {isa = PBXBuildFile; fileRef = 6051E348208B3D4C00C4E8AA /* Quaternion.swift */; };
		6051E34B208B3F1700C4E8AA /* Quaternion.swift in Sources */ = {isa = PBXBuildFile; fileRef = 6051E348208B3D4C00C4E8AA /* Quaternion.swift */; };
		6051E34D208B4C3300C4E8AA /* SampleBehaviour.swift in Sources */ = {isa = PBXBuildFile; fileRef = 6051E34C208B4C3300C4E8AA /* SampleBehaviour.swift */; };
		6051E34E208B4C3300C4E8AA /* SampleBehaviour.swift in Sources */ = {isa = PBXBuildFile; fileRef = 6051E34C208B4C3300C4E8AA /* SampleBehaviour.swift */; };
		6051E34F208B4C3300C4E8AA /* SampleBehaviour.swift in Sources */ = {isa = PBXBuildFile; fileRef = 6051E34C208B4C3300C4E8AA /* SampleBehaviour.swift */; };
		6051E359208B4FFC00C4E8AA /* Behaviour.swift in Sources */ = {isa = PBXBuildFile; fileRef = 6051E351208B4F7E00C4E8AA /* Behaviour.swift */; };
		6051E35A208B4FFC00C4E8AA /* Behaviour.swift in Sources */ = {isa = PBXBuildFile; fileRef = 6051E351208B4F7E00C4E8AA /* Behaviour.swift */; };
		6051E35B208B500400C4E8AA /* Updatable.swift in Sources */ = {isa = PBXBuildFile; fileRef = 6051E355208B4F8B00C4E8AA /* Updatable.swift */; };
		6051E35C208B500400C4E8AA /* Updatable.swift in Sources */ = {isa = PBXBuildFile; fileRef = 6051E355208B4F8B00C4E8AA /* Updatable.swift */; };
		605B0540208CDE0C000AB25A /* Object.swift in Sources */ = {isa = PBXBuildFile; fileRef = 60E5CB12208AEB9200AE6090 /* Object.swift */; };
		605B0547208CE976000AB25A /* Weak.swift in Sources */ = {isa = PBXBuildFile; fileRef = 605B0545208CE800000AB25A /* Weak.swift */; };
		605B0548208CE976000AB25A /* Weak.swift in Sources */ = {isa = PBXBuildFile; fileRef = 605B0545208CE800000AB25A /* Weak.swift */; };
		607206EF20538ABE0068F691 /* AppDelegate.swift in Sources */ = {isa = PBXBuildFile; fileRef = 607206EE20538ABE0068F691 /* AppDelegate.swift */; };
		607206F120538ABE0068F691 /* GameViewController.swift in Sources */ = {isa = PBXBuildFile; fileRef = 607206F020538ABE0068F691 /* GameViewController.swift */; };
		607206F420538ABE0068F691 /* Main.storyboard in Resources */ = {isa = PBXBuildFile; fileRef = 607206F220538ABE0068F691 /* Main.storyboard */; };
		607206F720538ABE0068F691 /* LaunchScreen.storyboard in Resources */ = {isa = PBXBuildFile; fileRef = 607206F520538ABE0068F691 /* LaunchScreen.storyboard */; };
		6072070020538ABE0068F691 /* AppDelegate.swift in Sources */ = {isa = PBXBuildFile; fileRef = 607206FF20538ABE0068F691 /* AppDelegate.swift */; };
		6072070220538ABE0068F691 /* GameViewController.swift in Sources */ = {isa = PBXBuildFile; fileRef = 6072070120538ABE0068F691 /* GameViewController.swift */; };
		6072070520538ABE0068F691 /* Main.storyboard in Resources */ = {isa = PBXBuildFile; fileRef = 6072070320538ABE0068F691 /* Main.storyboard */; };
		6074A5D5208A47E400F35A8F /* SampleApplication.swift in Sources */ = {isa = PBXBuildFile; fileRef = 6074A5D4208A47E400F35A8F /* SampleApplication.swift */; };
		6074A5D6208A47EB00F35A8F /* SampleApplication.swift in Sources */ = {isa = PBXBuildFile; fileRef = 6074A5D4208A47E400F35A8F /* SampleApplication.swift */; };
		6074A5D7208A47EC00F35A8F /* SampleApplication.swift in Sources */ = {isa = PBXBuildFile; fileRef = 6074A5D4208A47E400F35A8F /* SampleApplication.swift */; };
		608856B4208E232000F69621 /* GameObjectComponent.swift in Sources */ = {isa = PBXBuildFile; fileRef = 608856B2208E22EC00F69621 /* GameObjectComponent.swift */; };
		608856B5208E232100F69621 /* GameObjectComponent.swift in Sources */ = {isa = PBXBuildFile; fileRef = 608856B2208E22EC00F69621 /* GameObjectComponent.swift */; };
		608856B7208E25CC00F69621 /* ApplicationDelegate.swift in Sources */ = {isa = PBXBuildFile; fileRef = 60E5CB15208AEE6400AE6090 /* ApplicationDelegate.swift */; };
		608856BA2090D3E800F69621 /* Drawable.swift in Sources */ = {isa = PBXBuildFile; fileRef = 608856B82090D3D500F69621 /* Drawable.swift */; };
		608856BB2090D3E900F69621 /* Drawable.swift in Sources */ = {isa = PBXBuildFile; fileRef = 608856B82090D3D500F69621 /* Drawable.swift */; };
		60A0D4732089035500D08572 /* Assets.xcassets in Resources */ = {isa = PBXBuildFile; fileRef = 607206E620538ABE0068F691 /* Assets.xcassets */; };
		60A0D4742089035600D08572 /* Assets.xcassets in Resources */ = {isa = PBXBuildFile; fileRef = 607206E620538ABE0068F691 /* Assets.xcassets */; };
		60A0D4762089047300D08572 /* Assets.xcassets in Resources */ = {isa = PBXBuildFile; fileRef = 607206E620538ABE0068F691 /* Assets.xcassets */; };
		60E5CB0F208AE57900AE6090 /* Main.storyboard in Resources */ = {isa = PBXBuildFile; fileRef = 6072071120538ABE0068F691 /* Main.storyboard */; };
		60E5CB10208AE60500AE6090 /* AppDelegate.swift in Sources */ = {isa = PBXBuildFile; fileRef = 6072070D20538ABE0068F691 /* AppDelegate.swift */; };
		60E5CB11208AE60A00AE6090 /* GameViewController.swift in Sources */ = {isa = PBXBuildFile; fileRef = 6072070F20538ABE0068F691 /* GameViewController.swift */; };
		60E5CB14208AEB9E00AE6090 /* Object.swift in Sources */ = {isa = PBXBuildFile; fileRef = 60E5CB12208AEB9200AE6090 /* Object.swift */; };
		60E5CB17208AEF7B00AE6090 /* ApplicationDelegate.swift in Sources */ = {isa = PBXBuildFile; fileRef = 60E5CB15208AEE6400AE6090 /* ApplicationDelegate.swift */; };
/* End PBXBuildFile section */

/* Begin PBXContainerItemProxy section */
		601A9E052088F4F2002045DA /* PBXContainerItemProxy */ = {
			isa = PBXContainerItemProxy;
			containerPortal = 607206DE20538ABE0068F691 /* Project object */;
			proxyType = 1;
			remoteGlobalIDString = 601A9DFA2088F4F2002045DA;
			remoteInfo = PhantomKit;
		};
		601A9E072088F4F2002045DA /* PBXContainerItemProxy */ = {
			isa = PBXContainerItemProxy;
			containerPortal = 607206DE20538ABE0068F691 /* Project object */;
			proxyType = 1;
			remoteGlobalIDString = 6072070A20538ABE0068F691;
			remoteInfo = "Phantom macOS";
		};
		601A9E0E2088F4F2002045DA /* PBXContainerItemProxy */ = {
			isa = PBXContainerItemProxy;
			containerPortal = 607206DE20538ABE0068F691 /* Project object */;
			proxyType = 1;
			remoteGlobalIDString = 601A9DFA2088F4F2002045DA;
			remoteInfo = PhantomKit;
		};
/* End PBXContainerItemProxy section */

/* Begin PBXCopyFilesBuildPhase section */
		601A9E152088F4F2002045DA /* Embed Frameworks */ = {
			isa = PBXCopyFilesBuildPhase;
			buildActionMask = 2147483647;
			dstPath = "";
			dstSubfolderSpec = 10;
			files = (
				601A9E112088F4F2002045DA /* PhantomKit.framework in Embed Frameworks */,
			);
			name = "Embed Frameworks";
			runOnlyForDeploymentPostprocessing = 0;
		};
/* End PBXCopyFilesBuildPhase section */

/* Begin PBXFileReference section */
		601A9DFB2088F4F2002045DA /* PhantomKit.framework */ = {isa = PBXFileReference; explicitFileType = wrapper.framework; includeInIndex = 0; path = PhantomKit.framework; sourceTree = BUILT_PRODUCTS_DIR; };
		601A9DFD2088F4F2002045DA /* PhantomKit.h */ = {isa = PBXFileReference; lastKnownFileType = sourcecode.c.h; path = PhantomKit.h; sourceTree = "<group>"; };
		601A9DFE2088F4F2002045DA /* Info.plist */ = {isa = PBXFileReference; lastKnownFileType = text.plist.xml; path = Info.plist; sourceTree = "<group>"; };
		601A9E032088F4F2002045DA /* PhantomKitTests.xctest */ = {isa = PBXFileReference; explicitFileType = wrapper.cfbundle; includeInIndex = 0; path = PhantomKitTests.xctest; sourceTree = BUILT_PRODUCTS_DIR; };
		601A9E0A2088F4F2002045DA /* PhantomKitTests.swift */ = {isa = PBXFileReference; lastKnownFileType = sourcecode.swift; path = PhantomKitTests.swift; sourceTree = "<group>"; };
		601A9E0C2088F4F2002045DA /* Info.plist */ = {isa = PBXFileReference; lastKnownFileType = text.plist.xml; path = Info.plist; sourceTree = "<group>"; };
		601E2DDC206F72CB00428A4D /* Texture.swift */ = {isa = PBXFileReference; lastKnownFileType = sourcecode.swift; path = Texture.swift; sourceTree = "<group>"; };
		6026CB8E2084E0DD00537B04 /* GpuBuffer.swift */ = {isa = PBXFileReference; lastKnownFileType = sourcecode.swift; path = GpuBuffer.swift; sourceTree = "<group>"; };
		6030BC83206FC00300918010 /* GameObject.swift */ = {isa = PBXFileReference; lastKnownFileType = sourcecode.swift; path = GameObject.swift; sourceTree = "<group>"; };
		603F760D206953CE00E9922F /* MatrixTransform.swift */ = {isa = PBXFileReference; lastKnownFileType = sourcecode.swift; path = MatrixTransform.swift; sourceTree = "<group>"; };
		603F76112069577D00E9922F /* Trigonometry.swift */ = {isa = PBXFileReference; lastKnownFileType = sourcecode.swift; path = Trigonometry.swift; sourceTree = "<group>"; };
		603F7615206958B300E9922F /* Constants.swift */ = {isa = PBXFileReference; lastKnownFileType = sourcecode.swift; path = Constants.swift; sourceTree = "<group>"; };
		604F12AF206F6355003CE7D1 /* Resources.swift */ = {isa = PBXFileReference; lastKnownFileType = sourcecode.swift; path = Resources.swift; sourceTree = "<group>"; };
		6051E344208B1D1300C4E8AA /* Space.swift */ = {isa = PBXFileReference; lastKnownFileType = sourcecode.swift; path = Space.swift; sourceTree = "<group>"; };
		6051E348208B3D4C00C4E8AA /* Quaternion.swift */ = {isa = PBXFileReference; lastKnownFileType = sourcecode.swift; path = Quaternion.swift; sourceTree = "<group>"; };
		6051E34C208B4C3300C4E8AA /* SampleBehaviour.swift */ = {isa = PBXFileReference; lastKnownFileType = sourcecode.swift; path = SampleBehaviour.swift; sourceTree = "<group>"; };
		6051E351208B4F7E00C4E8AA /* Behaviour.swift */ = {isa = PBXFileReference; lastKnownFileType = sourcecode.swift; path = Behaviour.swift; sourceTree = "<group>"; };
		6051E355208B4F8B00C4E8AA /* Updatable.swift */ = {isa = PBXFileReference; lastKnownFileType = sourcecode.swift; path = Updatable.swift; sourceTree = "<group>"; };
		6053011720665F4000AAAF1F /* Application.swift */ = {isa = PBXFileReference; lastKnownFileType = sourcecode.swift; path = Application.swift; sourceTree = "<group>"; };
		6054B2082081C68D0052E413 /* CommandBuffer.swift */ = {isa = PBXFileReference; lastKnownFileType = sourcecode.swift; path = CommandBuffer.swift; sourceTree = "<group>"; };
		6054B20C2081C9270052E413 /* Component.swift */ = {isa = PBXFileReference; lastKnownFileType = sourcecode.swift; path = Component.swift; sourceTree = "<group>"; };
		6054B2102081DB140052E413 /* MeshRenderer.swift */ = {isa = PBXFileReference; lastKnownFileType = sourcecode.swift; path = MeshRenderer.swift; sourceTree = "<group>"; };
		6054B218208203750052E413 /* Camera.swift */ = {isa = PBXFileReference; lastKnownFileType = sourcecode.swift; path = Camera.swift; sourceTree = "<group>"; };
		605B0545208CE800000AB25A /* Weak.swift */ = {isa = PBXFileReference; lastKnownFileType = sourcecode.swift; path = Weak.swift; sourceTree = "<group>"; };
		605F2C2A206641F200C534C8 /* Math.swift */ = {isa = PBXFileReference; lastKnownFileType = sourcecode.swift; path = Math.swift; sourceTree = "<group>"; };
		606B711220787E02004EFF95 /* Display.swift */ = {isa = PBXFileReference; lastKnownFileType = sourcecode.swift; path = Display.swift; sourceTree = "<group>"; };
		606B711E2078B92C004EFF95 /* Mesh.swift */ = {isa = PBXFileReference; lastKnownFileType = sourcecode.swift; path = Mesh.swift; sourceTree = "<group>"; };
		606B712220791905004EFF95 /* Error.swift */ = {isa = PBXFileReference; lastKnownFileType = sourcecode.swift; path = Error.swift; sourceTree = "<group>"; };
		606B71262079E27A004EFF95 /* Transform.swift */ = {isa = PBXFileReference; lastKnownFileType = sourcecode.swift; path = Transform.swift; sourceTree = "<group>"; };
		607206E320538ABE0068F691 /* Shaders.metal */ = {isa = PBXFileReference; lastKnownFileType = sourcecode.metal; path = Shaders.metal; sourceTree = "<group>"; };
		607206E420538ABE0068F691 /* View.swift */ = {isa = PBXFileReference; lastKnownFileType = sourcecode.swift; path = View.swift; sourceTree = "<group>"; };
		607206E620538ABE0068F691 /* Assets.xcassets */ = {isa = PBXFileReference; lastKnownFileType = folder.assetcatalog; path = Assets.xcassets; sourceTree = "<group>"; };
		607206EB20538ABE0068F691 /* Phantom.app */ = {isa = PBXFileReference; explicitFileType = wrapper.application; includeInIndex = 0; path = Phantom.app; sourceTree = BUILT_PRODUCTS_DIR; };
		607206EE20538ABE0068F691 /* AppDelegate.swift */ = {isa = PBXFileReference; lastKnownFileType = sourcecode.swift; path = AppDelegate.swift; sourceTree = "<group>"; };
		607206F020538ABE0068F691 /* GameViewController.swift */ = {isa = PBXFileReference; lastKnownFileType = sourcecode.swift; path = GameViewController.swift; sourceTree = "<group>"; };
		607206F320538ABE0068F691 /* Base */ = {isa = PBXFileReference; lastKnownFileType = file.storyboard; name = Base; path = Base.lproj/Main.storyboard; sourceTree = "<group>"; };
		607206F620538ABE0068F691 /* Base */ = {isa = PBXFileReference; lastKnownFileType = file.storyboard; name = Base; path = Base.lproj/LaunchScreen.storyboard; sourceTree = "<group>"; };
		607206F820538ABE0068F691 /* Info.plist */ = {isa = PBXFileReference; lastKnownFileType = text.plist.xml; path = Info.plist; sourceTree = "<group>"; };
		607206FD20538ABE0068F691 /* Phantom.app */ = {isa = PBXFileReference; explicitFileType = wrapper.application; includeInIndex = 0; path = Phantom.app; sourceTree = BUILT_PRODUCTS_DIR; };
		607206FF20538ABE0068F691 /* AppDelegate.swift */ = {isa = PBXFileReference; lastKnownFileType = sourcecode.swift; path = AppDelegate.swift; sourceTree = "<group>"; };
		6072070120538ABE0068F691 /* GameViewController.swift */ = {isa = PBXFileReference; lastKnownFileType = sourcecode.swift; path = GameViewController.swift; sourceTree = "<group>"; };
		6072070420538ABE0068F691 /* Base */ = {isa = PBXFileReference; lastKnownFileType = file.storyboard; name = Base; path = Base.lproj/Main.storyboard; sourceTree = "<group>"; };
		6072070620538ABE0068F691 /* Info.plist */ = {isa = PBXFileReference; lastKnownFileType = text.plist.xml; path = Info.plist; sourceTree = "<group>"; };
		6072070B20538ABE0068F691 /* Phantom.app */ = {isa = PBXFileReference; explicitFileType = wrapper.application; includeInIndex = 0; path = Phantom.app; sourceTree = BUILT_PRODUCTS_DIR; };
		6072070D20538ABE0068F691 /* AppDelegate.swift */ = {isa = PBXFileReference; lastKnownFileType = sourcecode.swift; path = AppDelegate.swift; sourceTree = "<group>"; };
		6072070F20538ABE0068F691 /* GameViewController.swift */ = {isa = PBXFileReference; lastKnownFileType = sourcecode.swift; path = GameViewController.swift; sourceTree = "<group>"; };
		6072071220538ABE0068F691 /* Base */ = {isa = PBXFileReference; lastKnownFileType = file.storyboard; name = Base; path = Base.lproj/Main.storyboard; sourceTree = "<group>"; };
		6072071420538ABE0068F691 /* Info.plist */ = {isa = PBXFileReference; lastKnownFileType = text.plist.xml; path = Info.plist; sourceTree = "<group>"; };
		6074A5D4208A47E400F35A8F /* SampleApplication.swift */ = {isa = PBXFileReference; lastKnownFileType = sourcecode.swift; path = SampleApplication.swift; sourceTree = "<group>"; };
		608856B2208E22EC00F69621 /* GameObjectComponent.swift */ = {isa = PBXFileReference; lastKnownFileType = sourcecode.swift; path = GameObjectComponent.swift; sourceTree = "<group>"; };
		608856B82090D3D500F69621 /* Drawable.swift */ = {isa = PBXFileReference; lastKnownFileType = sourcecode.swift; path = Drawable.swift; sourceTree = "<group>"; };
		609064FC2083A58C0047D411 /* GameObjectTag.swift */ = {isa = PBXFileReference; lastKnownFileType = sourcecode.swift; path = GameObjectTag.swift; sourceTree = "<group>"; };
		60D158122088FC2D00A2A876 /* Uniform.h */ = {isa = PBXFileReference; lastKnownFileType = sourcecode.c.h; path = Uniform.h; sourceTree = "<group>"; };
		60E5CB12208AEB9200AE6090 /* Object.swift */ = {isa = PBXFileReference; lastKnownFileType = sourcecode.swift; path = Object.swift; sourceTree = "<group>"; };
		60E5CB15208AEE6400AE6090 /* ApplicationDelegate.swift */ = {isa = PBXFileReference; lastKnownFileType = sourcecode.swift; path = ApplicationDelegate.swift; sourceTree = "<group>"; };
/* End PBXFileReference section */

/* Begin PBXFrameworksBuildPhase section */
		601A9DF72088F4F2002045DA /* Frameworks */ = {
			isa = PBXFrameworksBuildPhase;
			buildActionMask = 2147483647;
			files = (
			);
			runOnlyForDeploymentPostprocessing = 0;
		};
		601A9E002088F4F2002045DA /* Frameworks */ = {
			isa = PBXFrameworksBuildPhase;
			buildActionMask = 2147483647;
			files = (
				601A9E042088F4F2002045DA /* PhantomKit.framework in Frameworks */,
			);
			runOnlyForDeploymentPostprocessing = 0;
		};
		607206E820538ABE0068F691 /* Frameworks */ = {
			isa = PBXFrameworksBuildPhase;
			buildActionMask = 2147483647;
			files = (
			);
			runOnlyForDeploymentPostprocessing = 0;
		};
		607206FA20538ABE0068F691 /* Frameworks */ = {
			isa = PBXFrameworksBuildPhase;
			buildActionMask = 2147483647;
			files = (
			);
			runOnlyForDeploymentPostprocessing = 0;
		};
		6072070820538ABE0068F691 /* Frameworks */ = {
			isa = PBXFrameworksBuildPhase;
			buildActionMask = 2147483647;
			files = (
				601A9E102088F4F2002045DA /* PhantomKit.framework in Frameworks */,
			);
			runOnlyForDeploymentPostprocessing = 0;
		};
/* End PBXFrameworksBuildPhase section */

/* Begin PBXGroup section */
		601A9DFC2088F4F2002045DA /* PhantomKit */ = {
			isa = PBXGroup;
			children = (
				601A9DFD2088F4F2002045DA /* PhantomKit.h */,
				601A9DFE2088F4F2002045DA /* Info.plist */,
			);
			path = PhantomKit;
			sourceTree = "<group>";
		};
		601A9E092088F4F2002045DA /* PhantomKitTests */ = {
			isa = PBXGroup;
			children = (
				601A9E0A2088F4F2002045DA /* PhantomKitTests.swift */,
				601A9E0C2088F4F2002045DA /* Info.plist */,
			);
			path = PhantomKitTests;
			sourceTree = "<group>";
		};
		603F760A20694C2A00E9922F /* Shaders */ = {
			isa = PBXGroup;
			children = (
				607206E320538ABE0068F691 /* Shaders.metal */,
			);
			path = Shaders;
			sourceTree = "<group>";
		};
		603F760B20694E1700E9922F /* BridgingHeaders */ = {
			isa = PBXGroup;
			children = (
				60D158122088FC2D00A2A876 /* Uniform.h */,
			);
			path = BridgingHeaders;
			sourceTree = "<group>";
		};
		603F760C206952BE00E9922F /* Math */ = {
			isa = PBXGroup;
			children = (
				605F2C2A206641F200C534C8 /* Math.swift */,
				603F760D206953CE00E9922F /* MatrixTransform.swift */,
				603F76112069577D00E9922F /* Trigonometry.swift */,
				603F7615206958B300E9922F /* Constants.swift */,
				6051E348208B3D4C00C4E8AA /* Quaternion.swift */,
			);
			path = Math;
			sourceTree = "<group>";
		};
		6051E350208B4ED200C4E8AA /* Behaviours */ = {
			isa = PBXGroup;
			children = (
				6051E351208B4F7E00C4E8AA /* Behaviour.swift */,
				6051E355208B4F8B00C4E8AA /* Updatable.swift */,
				608856B82090D3D500F69621 /* Drawable.swift */,
			);
			path = Behaviours;
			sourceTree = "<group>";
		};
		605B053F208CDD75000AB25A /* GameObject */ = {
			isa = PBXGroup;
			children = (
				6030BC83206FC00300918010 /* GameObject.swift */,
				608856B2208E22EC00F69621 /* GameObjectComponent.swift */,
				609064FC2083A58C0047D411 /* GameObjectTag.swift */,
				6051E344208B1D1300C4E8AA /* Space.swift */,
			);
			path = GameObject;
			sourceTree = "<group>";
		};
		607206DD20538ABE0068F691 = {
			isa = PBXGroup;
			children = (
				607206E620538ABE0068F691 /* Assets.xcassets */,
				607206E220538ABE0068F691 /* Phantom */,
				601A9DFC2088F4F2002045DA /* PhantomKit */,
				601A9E092088F4F2002045DA /* PhantomKitTests */,
				607206ED20538ABE0068F691 /* iOS */,
				607206FE20538ABE0068F691 /* tvOS */,
				6072070C20538ABE0068F691 /* macOS */,
				6074A5D3208A478500F35A8F /* Sample */,
				607206EC20538ABE0068F691 /* Products */,
			);
			sourceTree = "<group>";
		};
		607206E220538ABE0068F691 /* Phantom */ = {
			isa = PBXGroup;
			children = (
				603F760B20694E1700E9922F /* BridgingHeaders */,
				603F760A20694C2A00E9922F /* Shaders */,
				608856B6208E259E00F69621 /* Framework */,
				603F760C206952BE00E9922F /* Math */,
				605B053F208CDD75000AB25A /* GameObject */,
				60E5CB18208AFFB400AE6090 /* Components */,
				6051E350208B4ED200C4E8AA /* Behaviours */,
				606B711E2078B92C004EFF95 /* Mesh.swift */,
				601E2DDC206F72CB00428A4D /* Texture.swift */,
				604F12AF206F6355003CE7D1 /* Resources.swift */,
				606B712220791905004EFF95 /* Error.swift */,
				6054B2082081C68D0052E413 /* CommandBuffer.swift */,
				6026CB8E2084E0DD00537B04 /* GpuBuffer.swift */,
				60E5CB12208AEB9200AE6090 /* Object.swift */,
				605B0545208CE800000AB25A /* Weak.swift */,
			);
			path = Phantom;
			sourceTree = "<group>";
		};
		607206EC20538ABE0068F691 /* Products */ = {
			isa = PBXGroup;
			children = (
				607206EB20538ABE0068F691 /* Phantom.app */,
				607206FD20538ABE0068F691 /* Phantom.app */,
				6072070B20538ABE0068F691 /* Phantom.app */,
				601A9DFB2088F4F2002045DA /* PhantomKit.framework */,
				601A9E032088F4F2002045DA /* PhantomKitTests.xctest */,
			);
			name = Products;
			sourceTree = "<group>";
		};
		607206ED20538ABE0068F691 /* iOS */ = {
			isa = PBXGroup;
			children = (
				607206EE20538ABE0068F691 /* AppDelegate.swift */,
				607206F020538ABE0068F691 /* GameViewController.swift */,
				607206F220538ABE0068F691 /* Main.storyboard */,
				607206F520538ABE0068F691 /* LaunchScreen.storyboard */,
				607206F820538ABE0068F691 /* Info.plist */,
			);
			path = iOS;
			sourceTree = "<group>";
		};
		607206FE20538ABE0068F691 /* tvOS */ = {
			isa = PBXGroup;
			children = (
				607206FF20538ABE0068F691 /* AppDelegate.swift */,
				6072070120538ABE0068F691 /* GameViewController.swift */,
				6072070320538ABE0068F691 /* Main.storyboard */,
				6072070620538ABE0068F691 /* Info.plist */,
			);
			path = tvOS;
			sourceTree = "<group>";
		};
		6072070C20538ABE0068F691 /* macOS */ = {
			isa = PBXGroup;
			children = (
				6072070D20538ABE0068F691 /* AppDelegate.swift */,
				6072070F20538ABE0068F691 /* GameViewController.swift */,
				6072071120538ABE0068F691 /* Main.storyboard */,
				6072071420538ABE0068F691 /* Info.plist */,
			);
			path = macOS;
			sourceTree = "<group>";
		};
		6074A5D3208A478500F35A8F /* Sample */ = {
			isa = PBXGroup;
			children = (
				6074A5D4208A47E400F35A8F /* SampleApplication.swift */,
				6051E34C208B4C3300C4E8AA /* SampleBehaviour.swift */,
			);
			path = Sample;
			sourceTree = "<group>";
		};
		608856B6208E259E00F69621 /* Framework */ = {
			isa = PBXGroup;
			children = (
				6053011720665F4000AAAF1F /* Application.swift */,
				60E5CB15208AEE6400AE6090 /* ApplicationDelegate.swift */,
				606B711220787E02004EFF95 /* Display.swift */,
				607206E420538ABE0068F691 /* View.swift */,
			);
			path = Framework;
			sourceTree = "<group>";
		};
		60E5CB18208AFFB400AE6090 /* Components */ = {
			isa = PBXGroup;
			children = (
				6054B20C2081C9270052E413 /* Component.swift */,
				606B71262079E27A004EFF95 /* Transform.swift */,
				6054B2102081DB140052E413 /* MeshRenderer.swift */,
				6054B218208203750052E413 /* Camera.swift */,
			);
			path = Components;
			sourceTree = "<group>";
		};
/* End PBXGroup section */

/* Begin PBXHeadersBuildPhase section */
		601A9DF82088F4F2002045DA /* Headers */ = {
			isa = PBXHeadersBuildPhase;
			buildActionMask = 2147483647;
			files = (
			);
			runOnlyForDeploymentPostprocessing = 0;
		};
/* End PBXHeadersBuildPhase section */

/* Begin PBXNativeTarget section */
		601A9DFA2088F4F2002045DA /* PhantomKit */ = {
			isa = PBXNativeTarget;
			buildConfigurationList = 601A9E122088F4F2002045DA /* Build configuration list for PBXNativeTarget "PhantomKit" */;
			buildPhases = (
				601A9DF62088F4F2002045DA /* Sources */,
				601A9DF72088F4F2002045DA /* Frameworks */,
				601A9DF82088F4F2002045DA /* Headers */,
				601A9DF92088F4F2002045DA /* Resources */,
			);
			buildRules = (
			);
			dependencies = (
			);
			name = PhantomKit;
			productName = PhantomKit;
			productReference = 601A9DFB2088F4F2002045DA /* PhantomKit.framework */;
			productType = "com.apple.product-type.framework";
		};
		601A9E022088F4F2002045DA /* PhantomKitTests */ = {
			isa = PBXNativeTarget;
			buildConfigurationList = 601A9E162088F4F2002045DA /* Build configuration list for PBXNativeTarget "PhantomKitTests" */;
			buildPhases = (
				601A9DFF2088F4F2002045DA /* Sources */,
				601A9E002088F4F2002045DA /* Frameworks */,
				601A9E012088F4F2002045DA /* Resources */,
			);
			buildRules = (
			);
			dependencies = (
				601A9E062088F4F2002045DA /* PBXTargetDependency */,
				601A9E082088F4F2002045DA /* PBXTargetDependency */,
			);
			name = PhantomKitTests;
			productName = PhantomKitTests;
			productReference = 601A9E032088F4F2002045DA /* PhantomKitTests.xctest */;
			productType = "com.apple.product-type.bundle.unit-test";
		};
		607206EA20538ABE0068F691 /* Phantom iOS */ = {
			isa = PBXNativeTarget;
			buildConfigurationList = 6072072320538ABE0068F691 /* Build configuration list for PBXNativeTarget "Phantom iOS" */;
			buildPhases = (
				607206E720538ABE0068F691 /* Sources */,
				607206E820538ABE0068F691 /* Frameworks */,
				607206E920538ABE0068F691 /* Resources */,
			);
			buildRules = (
			);
			dependencies = (
			);
			name = "Phantom iOS";
			productName = "Phantom iOS";
			productReference = 607206EB20538ABE0068F691 /* Phantom.app */;
			productType = "com.apple.product-type.application";
		};
		607206FC20538ABE0068F691 /* Phantom tvOS */ = {
			isa = PBXNativeTarget;
			buildConfigurationList = 6072072620538ABE0068F691 /* Build configuration list for PBXNativeTarget "Phantom tvOS" */;
			buildPhases = (
				607206F920538ABE0068F691 /* Sources */,
				607206FA20538ABE0068F691 /* Frameworks */,
				607206FB20538ABE0068F691 /* Resources */,
			);
			buildRules = (
			);
			dependencies = (
			);
			name = "Phantom tvOS";
			productName = "Phantom tvOS";
			productReference = 607206FD20538ABE0068F691 /* Phantom.app */;
			productType = "com.apple.product-type.application";
		};
		6072070A20538ABE0068F691 /* Phantom macOS */ = {
			isa = PBXNativeTarget;
			buildConfigurationList = 6072072920538ABE0068F691 /* Build configuration list for PBXNativeTarget "Phantom macOS" */;
			buildPhases = (
				6072070720538ABE0068F691 /* Sources */,
				6072070820538ABE0068F691 /* Frameworks */,
				6072070920538ABE0068F691 /* Resources */,
				601A9E152088F4F2002045DA /* Embed Frameworks */,
			);
			buildRules = (
			);
			dependencies = (
				601A9E0F2088F4F2002045DA /* PBXTargetDependency */,
			);
			name = "Phantom macOS";
			productName = "Phantom macOS";
			productReference = 6072070B20538ABE0068F691 /* Phantom.app */;
			productType = "com.apple.product-type.application";
		};
/* End PBXNativeTarget section */

/* Begin PBXProject section */
		607206DE20538ABE0068F691 /* Project object */ = {
			isa = PBXProject;
			attributes = {
				LastSwiftUpdateCheck = 0930;
				LastUpgradeCheck = 0920;
				ORGANIZATIONNAME = haijian;
				TargetAttributes = {
					601A9DFA2088F4F2002045DA = {
						CreatedOnToolsVersion = 9.3;
						ProvisioningStyle = Automatic;
					};
					601A9E022088F4F2002045DA = {
						CreatedOnToolsVersion = 9.3;
						ProvisioningStyle = Automatic;
						TestTargetID = 6072070A20538ABE0068F691;
					};
					607206EA20538ABE0068F691 = {
						CreatedOnToolsVersion = 9.2;
						ProvisioningStyle = Automatic;
					};
					607206FC20538ABE0068F691 = {
						CreatedOnToolsVersion = 9.2;
						ProvisioningStyle = Automatic;
					};
					6072070A20538ABE0068F691 = {
						CreatedOnToolsVersion = 9.2;
						ProvisioningStyle = Automatic;
					};
				};
			};
			buildConfigurationList = 607206E120538ABE0068F691 /* Build configuration list for PBXProject "Phantom" */;
			compatibilityVersion = "Xcode 8.0";
			developmentRegion = en;
			hasScannedForEncodings = 0;
			knownRegions = (
				en,
				Base,
			);
			mainGroup = 607206DD20538ABE0068F691;
			productRefGroup = 607206EC20538ABE0068F691 /* Products */;
			projectDirPath = "";
			projectRoot = "";
			targets = (
				607206EA20538ABE0068F691 /* Phantom iOS */,
				607206FC20538ABE0068F691 /* Phantom tvOS */,
				6072070A20538ABE0068F691 /* Phantom macOS */,
				601A9DFA2088F4F2002045DA /* PhantomKit */,
				601A9E022088F4F2002045DA /* PhantomKitTests */,
			);
		};
/* End PBXProject section */

/* Begin PBXResourcesBuildPhase section */
		601A9DF92088F4F2002045DA /* Resources */ = {
			isa = PBXResourcesBuildPhase;
			buildActionMask = 2147483647;
			files = (
			);
			runOnlyForDeploymentPostprocessing = 0;
		};
		601A9E012088F4F2002045DA /* Resources */ = {
			isa = PBXResourcesBuildPhase;
			buildActionMask = 2147483647;
			files = (
			);
			runOnlyForDeploymentPostprocessing = 0;
		};
		607206E920538ABE0068F691 /* Resources */ = {
			isa = PBXResourcesBuildPhase;
			buildActionMask = 2147483647;
			files = (
				607206F420538ABE0068F691 /* Main.storyboard in Resources */,
				60A0D4742089035600D08572 /* Assets.xcassets in Resources */,
				607206F720538ABE0068F691 /* LaunchScreen.storyboard in Resources */,
			);
			runOnlyForDeploymentPostprocessing = 0;
		};
		607206FB20538ABE0068F691 /* Resources */ = {
			isa = PBXResourcesBuildPhase;
			buildActionMask = 2147483647;
			files = (
				60A0D4732089035500D08572 /* Assets.xcassets in Resources */,
				6072070520538ABE0068F691 /* Main.storyboard in Resources */,
			);
			runOnlyForDeploymentPostprocessing = 0;
		};
		6072070920538ABE0068F691 /* Resources */ = {
			isa = PBXResourcesBuildPhase;
			buildActionMask = 2147483647;
			files = (
				60A0D4762089047300D08572 /* Assets.xcassets in Resources */,
				60E5CB0F208AE57900AE6090 /* Main.storyboard in Resources */,
			);
			runOnlyForDeploymentPostprocessing = 0;
		};
/* End PBXResourcesBuildPhase section */

/* Begin PBXSourcesBuildPhase section */
		601A9DF62088F4F2002045DA /* Sources */ = {
			isa = PBXSourcesBuildPhase;
			buildActionMask = 2147483647;
			files = (
				60E5CB17208AEF7B00AE6090 /* ApplicationDelegate.swift in Sources */,
				601A9E202088F54A002045DA /* Error.swift in Sources */,
				601A9E3A2088F557002045DA /* Constants.swift in Sources */,
				608856BA2090D3E800F69621 /* Drawable.swift in Sources */,
				605B0547208CE976000AB25A /* Weak.swift in Sources */,
				601A9E262088F54A002045DA /* GameObjectTag.swift in Sources */,
				6051E34A208B3F1700C4E8AA /* Quaternion.swift in Sources */,
				601A9E242088F54A002045DA /* MeshRenderer.swift in Sources */,
				601A9E382088F557002045DA /* MatrixTransform.swift in Sources */,
				601A9E222088F54A002045DA /* CommandBuffer.swift in Sources */,
				601A9E1A2088F54A002045DA /* Application.swift in Sources */,
				601A9E1E2088F54A002045DA /* Texture.swift in Sources */,
				601A9E232088F54A002045DA /* Component.swift in Sources */,
				601A9E1F2088F54A002045DA /* Resources.swift in Sources */,
				60E5CB14208AEB9E00AE6090 /* Object.swift in Sources */,
				608856B4208E232000F69621 /* GameObjectComponent.swift in Sources */,
				601A9E192088F54A002045DA /* View.swift in Sources */,
				601A9E1C2088F54A002045DA /* Display.swift in Sources */,
				6051E359208B4FFC00C4E8AA /* Behaviour.swift in Sources */,
				601A9E1B2088F54A002045DA /* GameObject.swift in Sources */,
				6051E346208B1DCC00C4E8AA /* Space.swift in Sources */,
				601A9E252088F54A002045DA /* Camera.swift in Sources */,
				601A9E212088F54A002045DA /* Transform.swift in Sources */,
				601A9E392088F557002045DA /* Trigonometry.swift in Sources */,
				601A9E272088F54A002045DA /* GpuBuffer.swift in Sources */,
				6051E35B208B500400C4E8AA /* Updatable.swift in Sources */,
				601A9E1D2088F54A002045DA /* Mesh.swift in Sources */,
				601A9E372088F557002045DA /* Math.swift in Sources */,
			);
			runOnlyForDeploymentPostprocessing = 0;
		};
		601A9DFF2088F4F2002045DA /* Sources */ = {
			isa = PBXSourcesBuildPhase;
			buildActionMask = 2147483647;
			files = (
				601A9E362088F54E002045DA /* GpuBuffer.swift in Sources */,
				601A9E2C2088F54E002045DA /* Mesh.swift in Sources */,
				6051E35A208B4FFC00C4E8AA /* Behaviour.swift in Sources */,
				605B0548208CE976000AB25A /* Weak.swift in Sources */,
				601A9E322088F54E002045DA /* Component.swift in Sources */,
				601A9E2B2088F54E002045DA /* Display.swift in Sources */,
				601A9E302088F54E002045DA /* Transform.swift in Sources */,
				608856B7208E25CC00F69621 /* ApplicationDelegate.swift in Sources */,
				601A9E3C2088F558002045DA /* MatrixTransform.swift in Sources */,
				601A9E3D2088F558002045DA /* Trigonometry.swift in Sources */,
				601A9E2A2088F54E002045DA /* GameObject.swift in Sources */,
				601A9E352088F54E002045DA /* GameObjectTag.swift in Sources */,
				601A9E292088F54E002045DA /* Application.swift in Sources */,
				601A9E312088F54E002045DA /* CommandBuffer.swift in Sources */,
				6051E35C208B500400C4E8AA /* Updatable.swift in Sources */,
				608856B5208E232100F69621 /* GameObjectComponent.swift in Sources */,
				6051E34B208B3F1700C4E8AA /* Quaternion.swift in Sources */,
				601A9E282088F54E002045DA /* View.swift in Sources */,
				6051E347208B1DCC00C4E8AA /* Space.swift in Sources */,
				601A9E3B2088F558002045DA /* Math.swift in Sources */,
				601A9E332088F54E002045DA /* MeshRenderer.swift in Sources */,
				601A9E2E2088F54E002045DA /* Resources.swift in Sources */,
				601A9E3E2088F558002045DA /* Constants.swift in Sources */,
				605B0540208CDE0C000AB25A /* Object.swift in Sources */,
				601A9E2D2088F54E002045DA /* Texture.swift in Sources */,
				601A9E2F2088F54E002045DA /* Error.swift in Sources */,
				601A9E342088F54E002045DA /* Camera.swift in Sources */,
				608856BB2090D3E900F69621 /* Drawable.swift in Sources */,
				601A9E0B2088F4F2002045DA /* PhantomKitTests.swift in Sources */,
			);
			runOnlyForDeploymentPostprocessing = 0;
		};
		607206E720538ABE0068F691 /* Sources */ = {
			isa = PBXSourcesBuildPhase;
			buildActionMask = 2147483647;
			files = (
				607206F120538ABE0068F691 /* GameViewController.swift in Sources */,
				6051E34D208B4C3300C4E8AA /* SampleBehaviour.swift in Sources */,
				6074A5D5208A47E400F35A8F /* SampleApplication.swift in Sources */,
				607206EF20538ABE0068F691 /* AppDelegate.swift in Sources */,
			);
			runOnlyForDeploymentPostprocessing = 0;
		};
		607206F920538ABE0068F691 /* Sources */ = {
			isa = PBXSourcesBuildPhase;
			buildActionMask = 2147483647;
			files = (
				6072070220538ABE0068F691 /* GameViewController.swift in Sources */,
				6051E34E208B4C3300C4E8AA /* SampleBehaviour.swift in Sources */,
				6074A5D6208A47EB00F35A8F /* SampleApplication.swift in Sources */,
				6072070020538ABE0068F691 /* AppDelegate.swift in Sources */,
			);
			runOnlyForDeploymentPostprocessing = 0;
		};
		6072070720538ABE0068F691 /* Sources */ = {
			isa = PBXSourcesBuildPhase;
			buildActionMask = 2147483647;
			files = (
				60E5CB11208AE60A00AE6090 /* GameViewController.swift in Sources */,
				60E5CB10208AE60500AE6090 /* AppDelegate.swift in Sources */,
				6074A5D7208A47EC00F35A8F /* SampleApplication.swift in Sources */,
				601A9E472088F8EE002045DA /* Shaders.metal in Sources */,
				6051E34F208B4C3300C4E8AA /* SampleBehaviour.swift in Sources */,
			);
			runOnlyForDeploymentPostprocessing = 0;
		};
/* End PBXSourcesBuildPhase section */

/* Begin PBXTargetDependency section */
		601A9E062088F4F2002045DA /* PBXTargetDependency */ = {
			isa = PBXTargetDependency;
			target = 601A9DFA2088F4F2002045DA /* PhantomKit */;
			targetProxy = 601A9E052088F4F2002045DA /* PBXContainerItemProxy */;
		};
		601A9E082088F4F2002045DA /* PBXTargetDependency */ = {
			isa = PBXTargetDependency;
			target = 6072070A20538ABE0068F691 /* Phantom macOS */;
			targetProxy = 601A9E072088F4F2002045DA /* PBXContainerItemProxy */;
		};
		601A9E0F2088F4F2002045DA /* PBXTargetDependency */ = {
			isa = PBXTargetDependency;
			target = 601A9DFA2088F4F2002045DA /* PhantomKit */;
			targetProxy = 601A9E0E2088F4F2002045DA /* PBXContainerItemProxy */;
		};
/* End PBXTargetDependency section */

/* Begin PBXVariantGroup section */
		607206F220538ABE0068F691 /* Main.storyboard */ = {
			isa = PBXVariantGroup;
			children = (
				607206F320538ABE0068F691 /* Base */,
			);
			name = Main.storyboard;
			sourceTree = "<group>";
		};
		607206F520538ABE0068F691 /* LaunchScreen.storyboard */ = {
			isa = PBXVariantGroup;
			children = (
				607206F620538ABE0068F691 /* Base */,
			);
			name = LaunchScreen.storyboard;
			sourceTree = "<group>";
		};
		6072070320538ABE0068F691 /* Main.storyboard */ = {
			isa = PBXVariantGroup;
			children = (
				6072070420538ABE0068F691 /* Base */,
			);
			name = Main.storyboard;
			sourceTree = "<group>";
		};
		6072071120538ABE0068F691 /* Main.storyboard */ = {
			isa = PBXVariantGroup;
			children = (
				6072071220538ABE0068F691 /* Base */,
			);
			name = Main.storyboard;
			sourceTree = "<group>";
		};
/* End PBXVariantGroup section */

/* Begin XCBuildConfiguration section */
		601A9E132088F4F2002045DA /* Debug */ = {
			isa = XCBuildConfiguration;
			buildSettings = {
				CLANG_ENABLE_OBJC_WEAK = YES;
				CLANG_WARN_DEPRECATED_OBJC_IMPLEMENTATIONS = YES;
				CLANG_WARN_OBJC_IMPLICIT_RETAIN_SELF = YES;
				CODE_SIGN_IDENTITY = "-";
				CODE_SIGN_STYLE = Automatic;
				COMBINE_HIDPI_IMAGES = YES;
				CURRENT_PROJECT_VERSION = 1;
				DEFINES_MODULE = YES;
				DEVELOPMENT_TEAM = 4M5A36G82A;
				DYLIB_COMPATIBILITY_VERSION = 1;
				DYLIB_CURRENT_VERSION = 1;
				DYLIB_INSTALL_NAME_BASE = "@rpath";
				FRAMEWORK_VERSION = A;
				INFOPLIST_FILE = PhantomKit/Info.plist;
				INSTALL_PATH = "$(LOCAL_LIBRARY_DIR)/Frameworks";
				LD_RUNPATH_SEARCH_PATHS = "$(inherited) @executable_path/../Frameworks @loader_path/Frameworks";
				MACOSX_DEPLOYMENT_TARGET = 10.13;
				PRODUCT_BUNDLE_IDENTIFIER = haijian.PhantomKit;
				PRODUCT_NAME = "$(TARGET_NAME:c99extidentifier)";
				SDKROOT = macosx;
				SKIP_INSTALL = YES;
				SWIFT_OBJC_BRIDGING_HEADER = Phantom/BridgingHeaders/Uniform.h;
				SWIFT_VERSION = 4.0;
				VERSIONING_SYSTEM = "apple-generic";
				VERSION_INFO_PREFIX = "";
			};
			name = Debug;
		};
		601A9E142088F4F2002045DA /* Release */ = {
			isa = XCBuildConfiguration;
			buildSettings = {
				CLANG_ENABLE_OBJC_WEAK = YES;
				CLANG_WARN_DEPRECATED_OBJC_IMPLEMENTATIONS = YES;
				CLANG_WARN_OBJC_IMPLICIT_RETAIN_SELF = YES;
				CODE_SIGN_IDENTITY = "-";
				CODE_SIGN_STYLE = Automatic;
				COMBINE_HIDPI_IMAGES = YES;
				CURRENT_PROJECT_VERSION = 1;
				DEFINES_MODULE = YES;
				DEVELOPMENT_TEAM = 4M5A36G82A;
				DYLIB_COMPATIBILITY_VERSION = 1;
				DYLIB_CURRENT_VERSION = 1;
				DYLIB_INSTALL_NAME_BASE = "@rpath";
				FRAMEWORK_VERSION = A;
				INFOPLIST_FILE = PhantomKit/Info.plist;
				INSTALL_PATH = "$(LOCAL_LIBRARY_DIR)/Frameworks";
				LD_RUNPATH_SEARCH_PATHS = "$(inherited) @executable_path/../Frameworks @loader_path/Frameworks";
				MACOSX_DEPLOYMENT_TARGET = 10.13;
				PRODUCT_BUNDLE_IDENTIFIER = haijian.PhantomKit;
				PRODUCT_NAME = "$(TARGET_NAME:c99extidentifier)";
				SDKROOT = macosx;
				SKIP_INSTALL = YES;
				SWIFT_OBJC_BRIDGING_HEADER = Phantom/BridgingHeaders/Uniform.h;
				SWIFT_VERSION = 4.0;
				VERSIONING_SYSTEM = "apple-generic";
				VERSION_INFO_PREFIX = "";
			};
			name = Release;
		};
		601A9E172088F4F2002045DA /* Debug */ = {
			isa = XCBuildConfiguration;
			buildSettings = {
				ALWAYS_EMBED_SWIFT_STANDARD_LIBRARIES = YES;
				CLANG_ENABLE_OBJC_WEAK = YES;
				CLANG_WARN_DEPRECATED_OBJC_IMPLEMENTATIONS = YES;
				CLANG_WARN_OBJC_IMPLICIT_RETAIN_SELF = YES;
				CODE_SIGN_IDENTITY = "Mac Developer";
				CODE_SIGN_STYLE = Automatic;
				COMBINE_HIDPI_IMAGES = YES;
				DEVELOPMENT_TEAM = 4M5A36G82A;
				INFOPLIST_FILE = PhantomKitTests/Info.plist;
				LD_RUNPATH_SEARCH_PATHS = "$(inherited) @executable_path/../Frameworks @loader_path/../Frameworks";
				MACOSX_DEPLOYMENT_TARGET = 10.13;
				PRODUCT_BUNDLE_IDENTIFIER = haijian.PhantomKitTests;
				PRODUCT_NAME = "$(TARGET_NAME)";
				SDKROOT = macosx;
				SWIFT_OBJC_BRIDGING_HEADER = Phantom/BridgingHeaders/Uniform.h;
				SWIFT_VERSION = 4.0;
				TEST_HOST = "$(BUILT_PRODUCTS_DIR)/Phantom.app/Contents/MacOS/Phantom";
			};
			name = Debug;
		};
		601A9E182088F4F2002045DA /* Release */ = {
			isa = XCBuildConfiguration;
			buildSettings = {
				ALWAYS_EMBED_SWIFT_STANDARD_LIBRARIES = YES;
				CLANG_ENABLE_OBJC_WEAK = YES;
				CLANG_WARN_DEPRECATED_OBJC_IMPLEMENTATIONS = YES;
				CLANG_WARN_OBJC_IMPLICIT_RETAIN_SELF = YES;
				CODE_SIGN_IDENTITY = "Mac Developer";
				CODE_SIGN_STYLE = Automatic;
				COMBINE_HIDPI_IMAGES = YES;
				DEVELOPMENT_TEAM = 4M5A36G82A;
				INFOPLIST_FILE = PhantomKitTests/Info.plist;
				LD_RUNPATH_SEARCH_PATHS = "$(inherited) @executable_path/../Frameworks @loader_path/../Frameworks";
				MACOSX_DEPLOYMENT_TARGET = 10.13;
				PRODUCT_BUNDLE_IDENTIFIER = haijian.PhantomKitTests;
				PRODUCT_NAME = "$(TARGET_NAME)";
				SDKROOT = macosx;
				SWIFT_OBJC_BRIDGING_HEADER = Phantom/BridgingHeaders/Uniform.h;
				SWIFT_VERSION = 4.0;
				TEST_HOST = "$(BUILT_PRODUCTS_DIR)/Phantom.app/Contents/MacOS/Phantom";
			};
			name = Release;
		};
		6072072120538ABE0068F691 /* Debug */ = {
			isa = XCBuildConfiguration;
			buildSettings = {
				ALWAYS_SEARCH_USER_PATHS = NO;
				CLANG_ANALYZER_NONNULL = YES;
				CLANG_ANALYZER_NUMBER_OBJECT_CONVERSION = YES_AGGRESSIVE;
				CLANG_CXX_LANGUAGE_STANDARD = "gnu++14";
				CLANG_CXX_LIBRARY = "libc++";
				CLANG_ENABLE_MODULES = YES;
				CLANG_ENABLE_OBJC_ARC = YES;
				CLANG_WARN_BLOCK_CAPTURE_AUTORELEASING = YES;
				CLANG_WARN_BOOL_CONVERSION = YES;
				CLANG_WARN_COMMA = YES;
				CLANG_WARN_CONSTANT_CONVERSION = YES;
				CLANG_WARN_DIRECT_OBJC_ISA_USAGE = YES_ERROR;
				CLANG_WARN_DOCUMENTATION_COMMENTS = YES;
				CLANG_WARN_EMPTY_BODY = YES;
				CLANG_WARN_ENUM_CONVERSION = YES;
				CLANG_WARN_INFINITE_RECURSION = YES;
				CLANG_WARN_INT_CONVERSION = YES;
				CLANG_WARN_NON_LITERAL_NULL_CONVERSION = YES;
				CLANG_WARN_OBJC_LITERAL_CONVERSION = YES;
				CLANG_WARN_OBJC_ROOT_CLASS = YES_ERROR;
				CLANG_WARN_RANGE_LOOP_ANALYSIS = YES;
				CLANG_WARN_STRICT_PROTOTYPES = YES;
				CLANG_WARN_SUSPICIOUS_MOVE = YES;
				CLANG_WARN_UNGUARDED_AVAILABILITY = YES_AGGRESSIVE;
				CLANG_WARN_UNREACHABLE_CODE = YES;
				CLANG_WARN__DUPLICATE_METHOD_MATCH = YES;
				COPY_PHASE_STRIP = NO;
				DEBUG_INFORMATION_FORMAT = dwarf;
				ENABLE_STRICT_OBJC_MSGSEND = YES;
				ENABLE_TESTABILITY = YES;
				GCC_C_LANGUAGE_STANDARD = gnu11;
				GCC_DYNAMIC_NO_PIC = NO;
				GCC_NO_COMMON_BLOCKS = YES;
				GCC_OPTIMIZATION_LEVEL = 0;
				GCC_PREPROCESSOR_DEFINITIONS = (
					"DEBUG=1",
					"$(inherited)",
				);
				GCC_WARN_64_TO_32_BIT_CONVERSION = YES;
				GCC_WARN_ABOUT_RETURN_TYPE = YES_ERROR;
				GCC_WARN_UNDECLARED_SELECTOR = YES;
				GCC_WARN_UNINITIALIZED_AUTOS = YES_AGGRESSIVE;
				GCC_WARN_UNUSED_FUNCTION = YES;
				GCC_WARN_UNUSED_VARIABLE = YES;
				MTL_ENABLE_DEBUG_INFO = YES;
				ONLY_ACTIVE_ARCH = YES;
				SWIFT_ACTIVE_COMPILATION_CONDITIONS = DEBUG;
				SWIFT_OPTIMIZATION_LEVEL = "-Onone";
			};
			name = Debug;
		};
		6072072220538ABE0068F691 /* Release */ = {
			isa = XCBuildConfiguration;
			buildSettings = {
				ALWAYS_SEARCH_USER_PATHS = NO;
				CLANG_ANALYZER_NONNULL = YES;
				CLANG_ANALYZER_NUMBER_OBJECT_CONVERSION = YES_AGGRESSIVE;
				CLANG_CXX_LANGUAGE_STANDARD = "gnu++14";
				CLANG_CXX_LIBRARY = "libc++";
				CLANG_ENABLE_MODULES = YES;
				CLANG_ENABLE_OBJC_ARC = YES;
				CLANG_WARN_BLOCK_CAPTURE_AUTORELEASING = YES;
				CLANG_WARN_BOOL_CONVERSION = YES;
				CLANG_WARN_COMMA = YES;
				CLANG_WARN_CONSTANT_CONVERSION = YES;
				CLANG_WARN_DIRECT_OBJC_ISA_USAGE = YES_ERROR;
				CLANG_WARN_DOCUMENTATION_COMMENTS = YES;
				CLANG_WARN_EMPTY_BODY = YES;
				CLANG_WARN_ENUM_CONVERSION = YES;
				CLANG_WARN_INFINITE_RECURSION = YES;
				CLANG_WARN_INT_CONVERSION = YES;
				CLANG_WARN_NON_LITERAL_NULL_CONVERSION = YES;
				CLANG_WARN_OBJC_LITERAL_CONVERSION = YES;
				CLANG_WARN_OBJC_ROOT_CLASS = YES_ERROR;
				CLANG_WARN_RANGE_LOOP_ANALYSIS = YES;
				CLANG_WARN_STRICT_PROTOTYPES = YES;
				CLANG_WARN_SUSPICIOUS_MOVE = YES;
				CLANG_WARN_UNGUARDED_AVAILABILITY = YES_AGGRESSIVE;
				CLANG_WARN_UNREACHABLE_CODE = YES;
				CLANG_WARN__DUPLICATE_METHOD_MATCH = YES;
				COPY_PHASE_STRIP = NO;
				DEBUG_INFORMATION_FORMAT = "dwarf-with-dsym";
				ENABLE_NS_ASSERTIONS = NO;
				ENABLE_STRICT_OBJC_MSGSEND = YES;
				GCC_C_LANGUAGE_STANDARD = gnu11;
				GCC_NO_COMMON_BLOCKS = YES;
				GCC_WARN_64_TO_32_BIT_CONVERSION = YES;
				GCC_WARN_ABOUT_RETURN_TYPE = YES_ERROR;
				GCC_WARN_UNDECLARED_SELECTOR = YES;
				GCC_WARN_UNINITIALIZED_AUTOS = YES_AGGRESSIVE;
				GCC_WARN_UNUSED_FUNCTION = YES;
				GCC_WARN_UNUSED_VARIABLE = YES;
				MTL_ENABLE_DEBUG_INFO = NO;
				SWIFT_OPTIMIZATION_LEVEL = "-Owholemodule";
			};
			name = Release;
		};
		6072072420538ABE0068F691 /* Debug */ = {
			isa = XCBuildConfiguration;
			buildSettings = {
				ASSETCATALOG_COMPILER_APPICON_NAME = AppIcon;
				CODE_SIGN_IDENTITY = "iPhone Developer";
				CODE_SIGN_STYLE = Automatic;
				DEVELOPMENT_TEAM = 4M5A36G82A;
				INFOPLIST_FILE = iOS/Info.plist;
				IPHONEOS_DEPLOYMENT_TARGET = 11.2;
				LD_RUNPATH_SEARCH_PATHS = "$(inherited) @executable_path/Frameworks";
				PRODUCT_BUNDLE_IDENTIFIER = haijian.Phantom;
				PRODUCT_NAME = Phantom;
				SDKROOT = iphoneos;
				SWIFT_OBJC_BRIDGING_HEADER = "";
				SWIFT_VERSION = 4.0;
				TARGETED_DEVICE_FAMILY = "1,2";
			};
			name = Debug;
		};
		6072072520538ABE0068F691 /* Release */ = {
			isa = XCBuildConfiguration;
			buildSettings = {
				ASSETCATALOG_COMPILER_APPICON_NAME = AppIcon;
				CODE_SIGN_IDENTITY = "iPhone Developer";
				CODE_SIGN_STYLE = Automatic;
				DEVELOPMENT_TEAM = 4M5A36G82A;
				INFOPLIST_FILE = iOS/Info.plist;
				IPHONEOS_DEPLOYMENT_TARGET = 11.2;
				LD_RUNPATH_SEARCH_PATHS = "$(inherited) @executable_path/Frameworks";
				PRODUCT_BUNDLE_IDENTIFIER = haijian.Phantom;
				PRODUCT_NAME = Phantom;
				SDKROOT = iphoneos;
				SWIFT_OBJC_BRIDGING_HEADER = "";
				SWIFT_VERSION = 4.0;
				TARGETED_DEVICE_FAMILY = "1,2";
				VALIDATE_PRODUCT = YES;
			};
			name = Release;
		};
		6072072720538ABE0068F691 /* Debug */ = {
			isa = XCBuildConfiguration;
			buildSettings = {
				CODE_SIGN_STYLE = Automatic;
				DEVELOPMENT_TEAM = 4M5A36G82A;
				INFOPLIST_FILE = tvOS/Info.plist;
				LD_RUNPATH_SEARCH_PATHS = "$(inherited) @executable_path/Frameworks";
				PRODUCT_BUNDLE_IDENTIFIER = haijian.Phantom;
				PRODUCT_NAME = Phantom;
				SDKROOT = appletvos;
				SWIFT_OBJC_BRIDGING_HEADER = "";
				SWIFT_VERSION = 4.0;
				TARGETED_DEVICE_FAMILY = 3;
				TVOS_DEPLOYMENT_TARGET = 11.2;
			};
			name = Debug;
		};
		6072072820538ABE0068F691 /* Release */ = {
			isa = XCBuildConfiguration;
			buildSettings = {
				CODE_SIGN_STYLE = Automatic;
				DEVELOPMENT_TEAM = 4M5A36G82A;
				INFOPLIST_FILE = tvOS/Info.plist;
				LD_RUNPATH_SEARCH_PATHS = "$(inherited) @executable_path/Frameworks";
				PRODUCT_BUNDLE_IDENTIFIER = haijian.Phantom;
				PRODUCT_NAME = Phantom;
				SDKROOT = appletvos;
				SWIFT_OBJC_BRIDGING_HEADER = "";
				SWIFT_VERSION = 4.0;
				TARGETED_DEVICE_FAMILY = 3;
				TVOS_DEPLOYMENT_TARGET = 11.2;
				VALIDATE_PRODUCT = YES;
			};
			name = Release;
		};
		6072072A20538ABE0068F691 /* Debug */ = {
			isa = XCBuildConfiguration;
			buildSettings = {
				ALWAYS_EMBED_SWIFT_STANDARD_LIBRARIES = YES;
				ASSETCATALOG_COMPILER_APPICON_NAME = AppIcon;
				CODE_SIGN_IDENTITY = "-";
				CODE_SIGN_STYLE = Automatic;
				COMBINE_HIDPI_IMAGES = YES;
				DEVELOPMENT_TEAM = 4M5A36G82A;
				INFOPLIST_FILE = macOS/Info.plist;
				LD_RUNPATH_SEARCH_PATHS = "$(inherited) @executable_path/../Frameworks";
				MACOSX_DEPLOYMENT_TARGET = 10.13;
				PRODUCT_BUNDLE_IDENTIFIER = haijian.Phantom;
				PRODUCT_NAME = Phantom;
				SDKROOT = macosx;
				SWIFT_OBJC_BRIDGING_HEADER = "";
				SWIFT_VERSION = 4.0;
			};
			name = Debug;
		};
		6072072B20538ABE0068F691 /* Release */ = {
			isa = XCBuildConfiguration;
			buildSettings = {
				ALWAYS_EMBED_SWIFT_STANDARD_LIBRARIES = YES;
				ASSETCATALOG_COMPILER_APPICON_NAME = AppIcon;
				CODE_SIGN_IDENTITY = "-";
				CODE_SIGN_STYLE = Automatic;
				COMBINE_HIDPI_IMAGES = YES;
				DEVELOPMENT_TEAM = 4M5A36G82A;
				INFOPLIST_FILE = macOS/Info.plist;
				LD_RUNPATH_SEARCH_PATHS = "$(inherited) @executable_path/../Frameworks";
				MACOSX_DEPLOYMENT_TARGET = 10.13;
				PRODUCT_BUNDLE_IDENTIFIER = haijian.Phantom;
				PRODUCT_NAME = Phantom;
				SDKROOT = macosx;
				SWIFT_OBJC_BRIDGING_HEADER = "";
				SWIFT_VERSION = 4.0;
			};
			name = Release;
		};
/* End XCBuildConfiguration section */

/* Begin XCConfigurationList section */
		601A9E122088F4F2002045DA /* Build configuration list for PBXNativeTarget "PhantomKit" */ = {
			isa = XCConfigurationList;
			buildConfigurations = (
				601A9E132088F4F2002045DA /* Debug */,
				601A9E142088F4F2002045DA /* Release */,
			);
			defaultConfigurationIsVisible = 0;
			defaultConfigurationName = Release;
		};
		601A9E162088F4F2002045DA /* Build configuration list for PBXNativeTarget "PhantomKitTests" */ = {
			isa = XCConfigurationList;
			buildConfigurations = (
				601A9E172088F4F2002045DA /* Debug */,
				601A9E182088F4F2002045DA /* Release */,
			);
			defaultConfigurationIsVisible = 0;
			defaultConfigurationName = Release;
		};
		607206E120538ABE0068F691 /* Build configuration list for PBXProject "Phantom" */ = {
			isa = XCConfigurationList;
			buildConfigurations = (
				6072072120538ABE0068F691 /* Debug */,
				6072072220538ABE0068F691 /* Release */,
			);
			defaultConfigurationIsVisible = 0;
			defaultConfigurationName = Release;
		};
		6072072320538ABE0068F691 /* Build configuration list for PBXNativeTarget "Phantom iOS" */ = {
			isa = XCConfigurationList;
			buildConfigurations = (
				6072072420538ABE0068F691 /* Debug */,
				6072072520538ABE0068F691 /* Release */,
			);
			defaultConfigurationIsVisible = 0;
			defaultConfigurationName = Release;
		};
		6072072620538ABE0068F691 /* Build configuration list for PBXNativeTarget "Phantom tvOS" */ = {
			isa = XCConfigurationList;
			buildConfigurations = (
				6072072720538ABE0068F691 /* Debug */,
				6072072820538ABE0068F691 /* Release */,
			);
			defaultConfigurationIsVisible = 0;
			defaultConfigurationName = Release;
		};
		6072072920538ABE0068F691 /* Build configuration list for PBXNativeTarget "Phantom macOS" */ = {
			isa = XCConfigurationList;
			buildConfigurations = (
				6072072A20538ABE0068F691 /* Debug */,
				6072072B20538ABE0068F691 /* Release */,
			);
			defaultConfigurationIsVisible = 0;
			defaultConfigurationName = Release;
		};
/* End XCConfigurationList section */
	};
	rootObject = 607206DE20538ABE0068F691 /* Project object */;
}
